
Microsoft Visual Studio Solution File, Format Version 12.00
# Visual Studio Version 17
VisualStudioVersion = 17.3.32901.215
MinimumVisualStudioVersion = 10.0.40219.1
Project("{FAE04EC0-301F-11D3-BF4B-00C04F79EFBC}") = "CRUDSelectorMulti", "CRUDSelectorMulti\CRUDSelectorMulti.csproj", "{01A9FE3D-7B0D-41B5-99D4-38796A6C52DF}"
EndProject
Global
	GlobalSection(SolutionConfigurationPlatforms) = preSolution
		Debug|Any CPU = Debug|Any CPU
		Release|Any CPU = Release|Any CPU
	EndGlobalSection
	GlobalSection(ProjectConfigurationPlatforms) = postSolution
		{01A9FE3D-7B0D-41B5-99D4-38796A6C52DF}.Debug|Any CPU.ActiveCfg = Debug|Any CPU
		{01A9FE3D-7B0D-41B5-99D4-38796A6C52DF}.Debug|Any CPU.Build.0 = Debug|Any CPU
		{01A9FE3D-7B0D-41B5-99D4-38796A6C52DF}.Release|Any CPU.ActiveCfg = Release|Any CPU
		{01A9FE3D-7B0D-41B5-99D4-38796A6C52DF}.Release|Any CPU.Build.0 = Release|Any CPU
	EndGlobalSection
	GlobalSection(SolutionProperties) = preSolution
		HideSolutionNode = FALSE
	EndGlobalSection
	GlobalSection(ExtensibilityGlobals) = postSolution
		SolutionGuid = {9F2717B7-92B2-4C53-B93B-75FE3183B5A8}
	EndGlobalSection
EndGlobal
